<?xml version="1.0" encoding="utf-8"?>
<Project ToolsVersion="4.0" xmlns="http://schemas.microsoft.com/developer/msbuild/2003">
  <ItemGroup>
    <Text Include="..\..\TODO.txt" />
  </ItemGroup>
  <ItemGroup>
    <Filter Include="source">
      <UniqueIdentifier>{d56a802a-f1b2-4dca-a2c6-3fa3686ba4f1}</UniqueIdentifier>
    </Filter>
    <Filter Include="common">
      <UniqueIdentifier>{69943d43-2d85-469f-8565-714def0c3c26}</UniqueIdentifier>
    </Filter>
  </ItemGroup>
  <ItemGroup>
    <ClInclude Include="..\..\src\common\common.h">
      <Filter>common</Filter>
    </ClInclude>
    <ClInclude Include="..\..\src\latest\allocator.h">
      <Filter>source</Filter>
    </ClInclude>
    <ClInclude Include="..\..\src\latest\math.h">
      <Filter>source</Filter>
    </ClInclude>
    <ClInclude Include="..\..\src\latest\soa_sphere.h">
      <Filter>source</Filter>
    </ClInclude>
  </ItemGroup>
  <ItemGroup>
    <ClCompile Include="..\..\src\latest\rayweek1.cpp">
      <Filter>source</Filter>
    </ClCompile>
    <ClCompile Include="..\..\src\latest\soa_sphere.cpp">
      <Filter>source</Filter>
    </ClCompile>
  </ItemGroup>
</Project>